
Microsoft Visual Studio Solution File, Format Version 12.00
# Visual Studio Version 17
VisualStudioVersion = 17.14.36327.8
MinimumVisualStudioVersion = 10.0.40219.1
Project("{FAE04EC0-301F-11D3-BF4B-00C04F79EFBC}") = "CICD_Test", "CICD_Test.csproj", "{A0A09026-509A-4FB9-B5F1-6B1713EBA9B3}"
EndProject
Project("{FAE04EC0-301F-11D3-BF4B-00C04F79EFBC}") = "CICD_UnitTests", "tests\CICD_UnitTests\CICD_UnitTests.csproj", "{18ABB6DD-1561-4A9D-8B2F-33E88262D40D}"
EndProject
Global
	GlobalSection(SolutionConfigurationPlatforms) = preSolution
		Debug|Any CPU = Debug|Any CPU
		Release|Any CPU = Release|Any CPU
	EndGlobalSection
	GlobalSection(ProjectConfigurationPlatforms) = postSolution
		{A0A09026-509A-4FB9-B5F1-6B1713EBA9B3}.Debug|Any CPU.ActiveCfg = Debug|Any CPU
		{A0A09026-509A-4FB9-B5F1-6B1713EBA9B3}.Debug|Any CPU.Build.0 = Debug|Any CPU
		{A0A09026-509A-4FB9-B5F1-6B1713EBA9B3}.Release|Any CPU.ActiveCfg = Release|Any CPU
		{A0A09026-509A-4FB9-B5F1-6B1713EBA9B3}.Release|Any CPU.Build.0 = Release|Any CPU
		{18ABB6DD-1561-4A9D-8B2F-33E88262D40D}.Debug|Any CPU.ActiveCfg = Debug|Any CPU
		{18ABB6DD-1561-4A9D-8B2F-33E88262D40D}.Debug|Any CPU.Build.0 = Debug|Any CPU
		{18ABB6DD-1561-4A9D-8B2F-33E88262D40D}.Release|Any CPU.ActiveCfg = Release|Any CPU
		{18ABB6DD-1561-4A9D-8B2F-33E88262D40D}.Release|Any CPU.Build.0 = Release|Any CPU
	EndGlobalSection
	GlobalSection(SolutionProperties) = preSolution
		HideSolutionNode = FALSE
	EndGlobalSection
	GlobalSection(ExtensibilityGlobals) = postSolution
		SolutionGuid = {CE6A69DB-0CD1-4525-911A-76283BB25314}
	EndGlobalSection
EndGlobal
